{
  "name": "express-server",
  "version": "0.0.0",
  "lockfileVersion": 1,
  "requires": true,
  "dependencies": {
    "pdf-to-printer": {
      "version": "1.1.1",
      "resolved": "https://registry.npmjs.org/pdf-to-printer/-/pdf-to-printer-1.1.1.tgz",
      "integrity": "sha512-WL1VsKbSHSaqV66lwNvM8GVD+HzP+EsDQKG6PU60EEaBdYRYr8pHU0TBKvcnh+15Zb681S7fhxm73JX/kqj1ig=="
    }
  }
}
